// !$*UTF8*$!
{
	archiveVersion = 1;
	classes = {
	};
	objectVersion = 46;
	objects = {

/* Begin PBXBuildFile section */
		84DFFD4C1993A43700035F4A /* Foundation.framework in Frameworks */ = {isa = PBXBuildFile; fileRef = 84DFFD4B1993A43700035F4A /* Foundation.framework */; };
		84DFFD4E1993A43700035F4A /* CoreGraphics.framework in Frameworks */ = {isa = PBXBuildFile; fileRef = 84DFFD4D1993A43700035F4A /* CoreGraphics.framework */; };
		84DFFD501993A43700035F4A /* UIKit.framework in Frameworks */ = {isa = PBXBuildFile; fileRef = 84DFFD4F1993A43700035F4A /* UIKit.framework */; };
		84DFFD561993A43700035F4A /* InfoPlist.strings in Resources */ = {isa = PBXBuildFile; fileRef = 84DFFD541993A43700035F4A /* InfoPlist.strings */; };
		84DFFD581993A43700035F4A /* main.m in Sources */ = {isa = PBXBuildFile; fileRef = 84DFFD571993A43700035F4A /* main.m */; };
		84DFFD5C1993A43700035F4A /* AppDelegate.m in Sources */ = {isa = PBXBuildFile; fileRef = 84DFFD5B1993A43700035F4A /* AppDelegate.m */; };
		84DFFD5F1993A43700035F4A /* Main.storyboard in Resources */ = {isa = PBXBuildFile; fileRef = 84DFFD5D1993A43700035F4A /* Main.storyboard */; };
		84DFFD621993A43700035F4A /* ViewController.m in Sources */ = {isa = PBXBuildFile; fileRef = 84DFFD611993A43700035F4A /* ViewController.m */; };
		84DFFD641993A43700035F4A /* Images.xcassets in Resources */ = {isa = PBXBuildFile; fileRef = 84DFFD631993A43700035F4A /* Images.xcassets */; };
		84DFFD6B1993A43700035F4A /* XCTest.framework in Frameworks */ = {isa = PBXBuildFile; fileRef = 84DFFD6A1993A43700035F4A /* XCTest.framework */; };
		84DFFD6C1993A43700035F4A /* Foundation.framework in Frameworks */ = {isa = PBXBuildFile; fileRef = 84DFFD4B1993A43700035F4A /* Foundation.framework */; };
		84DFFD6D1993A43700035F4A /* UIKit.framework in Frameworks */ = {isa = PBXBuildFile; fileRef = 84DFFD4F1993A43700035F4A /* UIKit.framework */; };
		84DFFD751993A43700035F4A /* InfoPlist.strings in Resources */ = {isa = PBXBuildFile; fileRef = 84DFFD731993A43700035F4A /* InfoPlist.strings */; };
		84DFFD771993A43700035F4A /* CategoriesTests.m in Sources */ = {isa = PBXBuildFile; fileRef = 84DFFD761993A43700035F4A /* CategoriesTests.m */; };
		84DFFD831993A46800035F4A /* UITabBarController+orientation.m in Sources */ = {isa = PBXBuildFile; fileRef = 84DFFD821993A46800035F4A /* UITabBarController+orientation.m */; };
		84DFFD881993A46F00035F4A /* UINavigationController+orientation.m in Sources */ = {isa = PBXBuildFile; fileRef = 84DFFD851993A46F00035F4A /* UINavigationController+orientation.m */; };
		84DFFD891993A46F00035F4A /* UINavigationController+statusbar.m in Sources */ = {isa = PBXBuildFile; fileRef = 84DFFD871993A46F00035F4A /* UINavigationController+statusbar.m */; };
/* End PBXBuildFile section */

/* Begin PBXContainerItemProxy section */
		84DFFD6E1993A43700035F4A /* PBXContainerItemProxy */ = {
			isa = PBXContainerItemProxy;
			containerPortal = 84DFFD401993A43700035F4A /* Project object */;
			proxyType = 1;
			remoteGlobalIDString = 84DFFD471993A43700035F4A;
			remoteInfo = Categories;
		};
/* End PBXContainerItemProxy section */

/* Begin PBXFileReference section */
		84DFFD481993A43700035F4A /* Categories.app */ = {isa = PBXFileReference; explicitFileType = wrapper.application; includeInIndex = 0; path = Categories.app; sourceTree = BUILT_PRODUCTS_DIR; };
		84DFFD4B1993A43700035F4A /* Foundation.framework */ = {isa = PBXFileReference; lastKnownFileType = wrapper.framework; name = Foundation.framework; path = System/Library/Frameworks/Foundation.framework; sourceTree = SDKROOT; };
		84DFFD4D1993A43700035F4A /* CoreGraphics.framework */ = {isa = PBXFileReference; lastKnownFileType = wrapper.framework; name = CoreGraphics.framework; path = System/Library/Frameworks/CoreGraphics.framework; sourceTree = SDKROOT; };
		84DFFD4F1993A43700035F4A /* UIKit.framework */ = {isa = PBXFileReference; lastKnownFileType = wrapper.framework; name = UIKit.framework; path = System/Library/Frameworks/UIKit.framework; sourceTree = SDKROOT; };
		84DFFD531993A43700035F4A /* Categories-Info.plist */ = {isa = PBXFileReference; lastKnownFileType = text.plist.xml; path = "Categories-Info.plist"; sourceTree = "<group>"; };
		84DFFD551993A43700035F4A /* en */ = {isa = PBXFileReference; lastKnownFileType = text.plist.strings; name = en; path = en.lproj/InfoPlist.strings; sourceTree = "<group>"; };
		84DFFD571993A43700035F4A /* main.m */ = {isa = PBXFileReference; lastKnownFileType = sourcecode.c.objc; path = main.m; sourceTree = "<group>"; };
		84DFFD591993A43700035F4A /* Categories-Prefix.pch */ = {isa = PBXFileReference; lastKnownFileType = sourcecode.c.h; path = "Categories-Prefix.pch"; sourceTree = "<group>"; };
		84DFFD5A1993A43700035F4A /* AppDelegate.h */ = {isa = PBXFileReference; lastKnownFileType = sourcecode.c.h; path = AppDelegate.h; sourceTree = "<group>"; };
		84DFFD5B1993A43700035F4A /* AppDelegate.m */ = {isa = PBXFileReference; lastKnownFileType = sourcecode.c.objc; path = AppDelegate.m; sourceTree = "<group>"; };
		84DFFD5E1993A43700035F4A /* Base */ = {isa = PBXFileReference; lastKnownFileType = file.storyboard; name = Base; path = Base.lproj/Main.storyboard; sourceTree = "<group>"; };
		84DFFD601993A43700035F4A /* ViewController.h */ = {isa = PBXFileReference; lastKnownFileType = sourcecode.c.h; path = ViewController.h; sourceTree = "<group>"; };
		84DFFD611993A43700035F4A /* ViewController.m */ = {isa = PBXFileReference; lastKnownFileType = sourcecode.c.objc; path = ViewController.m; sourceTree = "<group>"; };
		84DFFD631993A43700035F4A /* Images.xcassets */ = {isa = PBXFileReference; lastKnownFileType = folder.assetcatalog; path = Images.xcassets; sourceTree = "<group>"; };
		84DFFD691993A43700035F4A /* CategoriesTests.xctest */ = {isa = PBXFileReference; explicitFileType = wrapper.cfbundle; includeInIndex = 0; path = CategoriesTests.xctest; sourceTree = BUILT_PRODUCTS_DIR; };
		84DFFD6A1993A43700035F4A /* XCTest.framework */ = {isa = PBXFileReference; lastKnownFileType = wrapper.framework; name = XCTest.framework; path = Library/Frameworks/XCTest.framework; sourceTree = DEVELOPER_DIR; };
		84DFFD721993A43700035F4A /* CategoriesTests-Info.plist */ = {isa = PBXFileReference; lastKnownFileType = text.plist.xml; path = "CategoriesTests-Info.plist"; sourceTree = "<group>"; };
		84DFFD741993A43700035F4A /* en */ = {isa = PBXFileReference; lastKnownFileType = text.plist.strings; name = en; path = en.lproj/InfoPlist.strings; sourceTree = "<group>"; };
		84DFFD761993A43700035F4A /* CategoriesTests.m */ = {isa = PBXFileReference; lastKnownFileType = sourcecode.c.objc; path = CategoriesTests.m; sourceTree = "<group>"; };
		84DFFD811993A46800035F4A /* UITabBarController+orientation.h */ = {isa = PBXFileReference; fileEncoding = 4; lastKnownFileType = sourcecode.c.h; path = "UITabBarController+orientation.h"; sourceTree = "<group>"; };
		84DFFD821993A46800035F4A /* UITabBarController+orientation.m */ = {isa = PBXFileReference; fileEncoding = 4; lastKnownFileType = sourcecode.c.objc; path = "UITabBarController+orientation.m"; sourceTree = "<group>"; };
		84DFFD841993A46F00035F4A /* UINavigationController+orientation.h */ = {isa = PBXFileReference; fileEncoding = 4; lastKnownFileType = sourcecode.c.h; path = "UINavigationController+orientation.h"; sourceTree = "<group>"; };
		84DFFD851993A46F00035F4A /* UINavigationController+orientation.m */ = {isa = PBXFileReference; fileEncoding = 4; lastKnownFileType = sourcecode.c.objc; path = "UINavigationController+orientation.m"; sourceTree = "<group>"; };
		84DFFD861993A46F00035F4A /* UINavigationController+statusbar.h */ = {isa = PBXFileReference; fileEncoding = 4; lastKnownFileType = sourcecode.c.h; path = "UINavigationController+statusbar.h"; sourceTree = "<group>"; };
		84DFFD871993A46F00035F4A /* UINavigationController+statusbar.m */ = {isa = PBXFileReference; fileEncoding = 4; lastKnownFileType = sourcecode.c.objc; path = "UINavigationController+statusbar.m"; sourceTree = "<group>"; };
/* End PBXFileReference section */

/* Begin PBXFrameworksBuildPhase section */
		84DFFD451993A43700035F4A /* Frameworks */ = {
			isa = PBXFrameworksBuildPhase;
			buildActionMask = 2147483647;
			files = (
				84DFFD4E1993A43700035F4A /* CoreGraphics.framework in Frameworks */,
				84DFFD501993A43700035F4A /* UIKit.framework in Frameworks */,
				84DFFD4C1993A43700035F4A /* Foundation.framework in Frameworks */,
			);
			runOnlyForDeploymentPostprocessing = 0;
		};
		84DFFD661993A43700035F4A /* Frameworks */ = {
			isa = PBXFrameworksBuildPhase;
			buildActionMask = 2147483647;
			files = (
				84DFFD6B1993A43700035F4A /* XCTest.framework in Frameworks */,
				84DFFD6D1993A43700035F4A /* UIKit.framework in Frameworks */,
				84DFFD6C1993A43700035F4A /* Foundation.framework in Frameworks */,
			);
			runOnlyForDeploymentPostprocessing = 0;
		};
/* End PBXFrameworksBuildPhase section */

/* Begin PBXGroup section */
		84DFFD3F1993A43700035F4A = {
			isa = PBXGroup;
			children = (
				84DFFD511993A43700035F4A /* Categories */,
				84DFFD701993A43700035F4A /* CategoriesTests */,
				84DFFD4A1993A43700035F4A /* Frameworks */,
				84DFFD491993A43700035F4A /* Products */,
			);
			sourceTree = "<group>";
		};
		84DFFD491993A43700035F4A /* Products */ = {
			isa = PBXGroup;
			children = (
				84DFFD481993A43700035F4A /* Categories.app */,
				84DFFD691993A43700035F4A /* CategoriesTests.xctest */,
			);
			name = Products;
			sourceTree = "<group>";
		};
		84DFFD4A1993A43700035F4A /* Frameworks */ = {
			isa = PBXGroup;
			children = (
				84DFFD4B1993A43700035F4A /* Foundation.framework */,
				84DFFD4D1993A43700035F4A /* CoreGraphics.framework */,
				84DFFD4F1993A43700035F4A /* UIKit.framework */,
				84DFFD6A1993A43700035F4A /* XCTest.framework */,
			);
			name = Frameworks;
			sourceTree = "<group>";
		};
		84DFFD511993A43700035F4A /* Categories */ = {
			isa = PBXGroup;
			children = (
				84DFFD801993A45600035F4A /* Categories */,
				84DFFD5A1993A43700035F4A /* AppDelegate.h */,
				84DFFD5B1993A43700035F4A /* AppDelegate.m */,
				84DFFD5D1993A43700035F4A /* Main.storyboard */,
				84DFFD601993A43700035F4A /* ViewController.h */,
				84DFFD611993A43700035F4A /* ViewController.m */,
				84DFFD631993A43700035F4A /* Images.xcassets */,
				84DFFD521993A43700035F4A /* Supporting Files */,
			);
			path = Categories;
			sourceTree = "<group>";
		};
		84DFFD521993A43700035F4A /* Supporting Files */ = {
			isa = PBXGroup;
			children = (
				84DFFD531993A43700035F4A /* Categories-Info.plist */,
				84DFFD541993A43700035F4A /* InfoPlist.strings */,
				84DFFD571993A43700035F4A /* main.m */,
				84DFFD591993A43700035F4A /* Categories-Prefix.pch */,
			);
			name = "Supporting Files";
			sourceTree = "<group>";
		};
		84DFFD701993A43700035F4A /* CategoriesTests */ = {
			isa = PBXGroup;
			children = (
				84DFFD761993A43700035F4A /* CategoriesTests.m */,
				84DFFD711993A43700035F4A /* Supporting Files */,
			);
			path = CategoriesTests;
			sourceTree = "<group>";
		};
		84DFFD711993A43700035F4A /* Supporting Files */ = {
			isa = PBXGroup;
			children = (
				84DFFD721993A43700035F4A /* CategoriesTests-Info.plist */,
				84DFFD731993A43700035F4A /* InfoPlist.strings */,
			);
			name = "Supporting Files";
			sourceTree = "<group>";
		};
		84DFFD801993A45600035F4A /* Categories */ = {
			isa = PBXGroup;
			children = (
				84DFFD841993A46F00035F4A /* UINavigationController+orientation.h */,
				84DFFD851993A46F00035F4A /* UINavigationController+orientation.m */,
				84DFFD861993A46F00035F4A /* UINavigationController+statusbar.h */,
				84DFFD871993A46F00035F4A /* UINavigationController+statusbar.m */,
				84DFFD811993A46800035F4A /* UITabBarController+orientation.h */,
				84DFFD821993A46800035F4A /* UITabBarController+orientation.m */,
			);
			name = Categories;
			sourceTree = "<group>";
		};
/* End PBXGroup section */

/* Begin PBXNativeTarget section */
		84DFFD471993A43700035F4A /* Categories */ = {
			isa = PBXNativeTarget;
			buildConfigurationList = 84DFFD7A1993A43700035F4A /* Build configuration list for PBXNativeTarget "Categories" */;
			buildPhases = (
				84DFFD441993A43700035F4A /* Sources */,
				84DFFD451993A43700035F4A /* Frameworks */,
				84DFFD461993A43700035F4A /* Resources */,
			);
			buildRules = (
			);
			dependencies = (
			);
			name = Categories;
			productName = Categories;
			productReference = 84DFFD481993A43700035F4A /* Categories.app */;
			productType = "com.apple.product-type.application";
		};
		84DFFD681993A43700035F4A /* CategoriesTests */ = {
			isa = PBXNativeTarget;
			buildConfigurationList = 84DFFD7D1993A43700035F4A /* Build configuration list for PBXNativeTarget "CategoriesTests" */;
			buildPhases = (
				84DFFD651993A43700035F4A /* Sources */,
				84DFFD661993A43700035F4A /* Frameworks */,
				84DFFD671993A43700035F4A /* Resources */,
			);
			buildRules = (
			);
			dependencies = (
				84DFFD6F1993A43700035F4A /* PBXTargetDependency */,
			);
			name = CategoriesTests;
			productName = CategoriesTests;
			productReference = 84DFFD691993A43700035F4A /* CategoriesTests.xctest */;
			productType = "com.apple.product-type.bundle.unit-test";
		};
/* End PBXNativeTarget section */

/* Begin PBXProject section */
		84DFFD401993A43700035F4A /* Project object */ = {
			isa = PBXProject;
			attributes = {
				LastUpgradeCheck = 0510;
				ORGANIZATIONNAME = K.K;
				TargetAttributes = {
					84DFFD681993A43700035F4A = {
						TestTargetID = 84DFFD471993A43700035F4A;
					};
				};
			};
			buildConfigurationList = 84DFFD431993A43700035F4A /* Build configuration list for PBXProject "Categories" */;
			compatibilityVersion = "Xcode 3.2";
			developmentRegion = English;
			hasScannedForEncodings = 0;
			knownRegions = (
				en,
				Base,
			);
			mainGroup = 84DFFD3F1993A43700035F4A;
			productRefGroup = 84DFFD491993A43700035F4A /* Products */;
			projectDirPath = "";
			projectRoot = "";
			targets = (
				84DFFD471993A43700035F4A /* Categories */,
				84DFFD681993A43700035F4A /* CategoriesTests */,
			);
		};
/* End PBXProject section */

/* Begin PBXResourcesBuildPhase section */
		84DFFD461993A43700035F4A /* Resources */ = {
			isa = PBXResourcesBuildPhase;
			buildActionMask = 2147483647;
			files = (
				84DFFD641993A43700035F4A /* Images.xcassets in Resources */,
				84DFFD561993A43700035F4A /* InfoPlist.strings in Resources */,
				84DFFD5F1993A43700035F4A /* Main.storyboard in Resources */,
			);
			runOnlyForDeploymentPostprocessing = 0;
		};
		84DFFD671993A43700035F4A /* Resources */ = {
			isa = PBXResourcesBuildPhase;
			buildActionMask = 2147483647;
			files = (
				84DFFD751993A43700035F4A /* InfoPlist.strings in Resources */,
			);
			runOnlyForDeploymentPostprocessing = 0;
		};
/* End PBXResourcesBuildPhase section */

/* Begin PBXSourcesBuildPhase section */
		84DFFD441993A43700035F4A /* Sources */ = {
			isa = PBXSourcesBuildPhase;
			buildActionMask = 2147483647;
			files = (
				84DFFD831993A46800035F4A /* UITabBarController+orientation.m in Sources */,
				84DFFD621993A43700035F4A /* ViewController.m in Sources */,
				84DFFD881993A46F00035F4A /* UINavigationController+orientation.m in Sources */,
				84DFFD891993A46F00035F4A /* UINavigationController+statusbar.m in Sources */,
				84DFFD5C1993A43700035F4A /* AppDelegate.m in Sources */,
				84DFFD581993A43700035F4A /* main.m in Sources */,
			);
			runOnlyForDeploymentPostprocessing = 0;
		};
		84DFFD651993A43700035F4A /* Sources */ = {
			isa = PBXSourcesBuildPhase;
			buildActionMask = 2147483647;
			files = (
				84DFFD771993A43700035F4A /* CategoriesTests.m in Sources */,
			);
			runOnlyForDeploymentPostprocessing = 0;
		};
/* End PBXSourcesBuildPhase section */

/* Begin PBXTargetDependency section */
		84DFFD6F1993A43700035F4A /* PBXTargetDependency */ = {
			isa = PBXTargetDependency;
			target = 84DFFD471993A43700035F4A /* Categories */;
			targetProxy = 84DFFD6E1993A43700035F4A /* PBXContainerItemProxy */;
		};
/* End PBXTargetDependency section */

/* Begin PBXVariantGroup section */
		84DFFD541993A43700035F4A /* InfoPlist.strings */ = {
			isa = PBXVariantGroup;
			children = (
				84DFFD551993A43700035F4A /* en */,
			);
			name = InfoPlist.strings;
			sourceTree = "<group>";
		};
		84DFFD5D1993A43700035F4A /* Main.storyboard */ = {
			isa = PBXVariantGroup;
			children = (
				84DFFD5E1993A43700035F4A /* Base */,
			);
			name = Main.storyboard;
			sourceTree = "<group>";
		};
		84DFFD731993A43700035F4A /* InfoPlist.strings */ = {
			isa = PBXVariantGroup;
			children = (
				84DFFD741993A43700035F4A /* en */,
			);
			name = InfoPlist.strings;
			sourceTree = "<group>";
		};
/* End PBXVariantGroup section */

/* Begin XCBuildConfiguration section */
		84DFFD781993A43700035F4A /* Debug */ = {
			isa = XCBuildConfiguration;
			buildSettings = {
				ALWAYS_SEARCH_USER_PATHS = NO;
				CLANG_CXX_LANGUAGE_STANDARD = "gnu++0x";
				CLANG_CXX_LIBRARY = "libc++";
				CLANG_ENABLE_MODULES = YES;
				CLANG_ENABLE_OBJC_ARC = YES;
				CLANG_WARN_BOOL_CONVERSION = YES;
				CLANG_WARN_CONSTANT_CONVERSION = YES;
				CLANG_WARN_DIRECT_OBJC_ISA_USAGE = YES_ERROR;
				CLANG_WARN_EMPTY_BODY = YES;
				CLANG_WARN_ENUM_CONVERSION = YES;
				CLANG_WARN_INT_CONVERSION = YES;
				CLANG_WARN_OBJC_ROOT_CLASS = YES_ERROR;
				CLANG_WARN__DUPLICATE_METHOD_MATCH = YES;
				"CODE_SIGN_IDENTITY[sdk=iphoneos*]" = "iPhone Developer";
				COPY_PHASE_STRIP = NO;
				GCC_C_LANGUAGE_STANDARD = gnu99;
				GCC_DYNAMIC_NO_PIC = NO;
				GCC_OPTIMIZATION_LEVEL = 0;
				GCC_PREPROCESSOR_DEFINITIONS = (
					"DEBUG=1",
					"$(inherited)",
				);
				GCC_SYMBOLS_PRIVATE_EXTERN = NO;
				GCC_WARN_64_TO_32_BIT_CONVERSION = YES;
				GCC_WARN_ABOUT_RETURN_TYPE = YES_ERROR;
				GCC_WARN_UNDECLARED_SELECTOR = YES;
				GCC_WARN_UNINITIALIZED_AUTOS = YES_AGGRESSIVE;
				GCC_WARN_UNUSED_FUNCTION = YES;
				GCC_WARN_UNUSED_VARIABLE = YES;
				IPHONEOS_DEPLOYMENT_TARGET = 7.1;
				ONLY_ACTIVE_ARCH = YES;
				SDKROOT = iphoneos;
			};
			name = Debug;
		};
		84DFFD791993A43700035F4A /* Release */ = {
			isa = XCBuildConfiguration;
			buildSettings = {
				ALWAYS_SEARCH_USER_PATHS = NO;
				CLANG_CXX_LANGUAGE_STANDARD = "gnu++0x";
				CLANG_CXX_LIBRARY = "libc++";
				CLANG_ENABLE_MODULES = YES;
				CLANG_ENABLE_OBJC_ARC = YES;
				CLANG_WARN_BOOL_CONVERSION = YES;
				CLANG_WARN_CONSTANT_CONVERSION = YES;
				CLANG_WARN_DIRECT_OBJC_ISA_USAGE = YES_ERROR;
				CLANG_WARN_EMPTY_BODY = YES;
				CLANG_WARN_ENUM_CONVERSION = YES;
				CLANG_WARN_INT_CONVERSION = YES;
				CLANG_WARN_OBJC_ROOT_CLASS = YES_ERROR;
				CLANG_WARN__DUPLICATE_METHOD_MATCH = YES;
				"CODE_SIGN_IDENTITY[sdk=iphoneos*]" = "iPhone Developer";
				COPY_PHASE_STRIP = YES;
				ENABLE_NS_ASSERTIONS = NO;
				GCC_C_LANGUAGE_STANDARD = gnu99;
				GCC_WARN_64_TO_32_BIT_CONVERSION = YES;
				GCC_WARN_ABOUT_RETURN_TYPE = YES_ERROR;
				GCC_WARN_UNDECLARED_SELECTOR = YES;
				GCC_WARN_UNINITIALIZED_AUTOS = YES_AGGRESSIVE;
				GCC_WARN_UNUSED_FUNCTION = YES;
				GCC_WARN_UNUSED_VARIABLE = YES;
				IPHONEOS_DEPLOYMENT_TARGET = 7.1;
				SDKROOT = iphoneos;
				VALIDATE_PRODUCT = YES;
			};
			name = Release;
		};
		84DFFD7B1993A43700035F4A /* Debug */ = {
			isa = XCBuildConfiguration;
			buildSettings = {
				ASSETCATALOG_COMPILER_APPICON_NAME = AppIcon;
				ASSETCATALOG_COMPILER_LAUNCHIMAGE_NAME = LaunchImage;
				GCC_PRECOMPILE_PREFIX_HEADER = YES;
				GCC_PREFIX_HEADER = "Categories/Categories-Prefix.pch";
				INFOPLIST_FILE = "Categories/Categories-Info.plist";
				PRODUCT_NAME = "$(TARGET_NAME)";
				WRAPPER_EXTENSION = app;
			};
			name = Debug;
		};
		84DFFD7C1993A43700035F4A /* Release */ = {
			isa = XCBuildConfiguration;
			buildSettings = {
				ASSETCATALOG_COMPILER_APPICON_NAME = AppIcon;
				ASSETCATALOG_COMPILER_LAUNCHIMAGE_NAME = LaunchImage;
				GCC_PRECOMPILE_PREFIX_HEADER = YES;
				GCC_PREFIX_HEADER = "Categories/Categories-Prefix.pch";
				INFOPLIST_FILE = "Categories/Categories-Info.plist";
				PRODUCT_NAME = "$(TARGET_NAME)";
				WRAPPER_EXTENSION = app;
			};
			name = Release;
		};
		84DFFD7E1993A43700035F4A /* Debug */ = {
			isa = XCBuildConfiguration;
			buildSettings = {
				BUNDLE_LOADER = "$(BUILT_PRODUCTS_DIR)/Categories.app/Categories";
				FRAMEWORK_SEARCH_PATHS = (
					"$(SDKROOT)/Developer/Library/Frameworks",
					"$(inherited)",
					"$(DEVELOPER_FRAMEWORKS_DIR)",
				);
				GCC_PRECOMPILE_PREFIX_HEADER = YES;
				GCC_PREFIX_HEADER = "Categories/Categories-Prefix.pch";
				GCC_PREPROCESSOR_DEFINITIONS = (
					"DEBUG=1",
					"$(inherited)",
				);
				INFOPLIST_FILE = "CategoriesTests/CategoriesTests-Info.plist";
				PRODUCT_NAME = "$(TARGET_NAME)";
				TEST_HOST = "$(BUNDLE_LOADER)";
				WRAPPER_EXTENSION = xctest;
			};
			name = Debug;
		};
		84DFFD7F1993A43700035F4A /* Release */ = {
			isa = XCBuildConfiguration;
			buildSettings = {
				BUNDLE_LOADER = "$(BUILT_PRODUCTS_DIR)/Categories.app/Categories";
				FRAMEWORK_SEARCH_PATHS = (
					"$(SDKROOT)/Developer/Library/Frameworks",
					"$(inherited)",
					"$(DEVELOPER_FRAMEWORKS_DIR)",
				);
				GCC_PRECOMPILE_PREFIX_HEADER = YES;
				GCC_PREFIX_HEADER = "Categories/Categories-Prefix.pch";
				INFOPLIST_FILE = "CategoriesTests/CategoriesTests-Info.plist";
				PRODUCT_NAME = "$(TARGET_NAME)";
				TEST_HOST = "$(BUNDLE_LOADER)";
				WRAPPER_EXTENSION = xctest;
			};
			name = Release;
		};
/* End XCBuildConfiguration section */

/* Begin XCConfigurationList section */
		84DFFD431993A43700035F4A /* Build configuration list for PBXProject "Categories" */ = {
			isa = XCConfigurationList;
			buildConfigurations = (
				84DFFD781993A43700035F4A /* Debug */,
				84DFFD791993A43700035F4A /* Release */,
			);
			defaultConfigurationIsVisible = 0;
			defaultConfigurationName = Release;
		};
		84DFFD7A1993A43700035F4A /* Build configuration list for PBXNativeTarget "Categories" */ = {
			isa = XCConfigurationList;
			buildConfigurations = (
				84DFFD7B1993A43700035F4A /* Debug */,
				84DFFD7C1993A43700035F4A /* Release */,
			);
			defaultConfigurationIsVisible = 0;
		};
		84DFFD7D1993A43700035F4A /* Build configuration list for PBXNativeTarget "CategoriesTests" */ = {
			isa = XCConfigurationList;
			buildConfigurations = (
				84DFFD7E1993A43700035F4A /* Debug */,
				84DFFD7F1993A43700035F4A /* Release */,
			);
			defaultConfigurationIsVisible = 0;
		};
/* End XCConfigurationList section */
	};
	rootObject = 84DFFD401993A43700035F4A /* Project object */;
}
